{
  "requires": true,
  "lockfileVersion": 1,
  "dependencies": {
    "@sanity/cli": {
      "version": "1.149.2",
      "resolved": "https://registry.npmjs.org/@sanity/cli/-/cli-1.149.2.tgz",
      "integrity": "sha512-rvYIZvTR2MONl2J2QXf2eyJBctTfGlZOG/hFiILwwYAF+S9ZmZzzVnw0bvJpKrl9fZxJ0MUK2eXcBakBm2QpYw=="
    }
  }
}
